
Microsoft Visual Studio Solution File, Format Version 12.00
# Visual Studio 15
VisualStudioVersion = 15.0.27703.2047
MinimumVisualStudioVersion = 10.0.40219.1
Project("{888888A0-9F3D-457C-B088-3A5042F75D52}") = "FlaskWebProject-gtts", "FlaskWebProject-gtts\FlaskWebProject-gtts.pyproj", "{2618A9B1-7220-4FB3-9DCF-16A0163D344B}"
EndProject
Global
	GlobalSection(SolutionConfigurationPlatforms) = preSolution
		Debug|Any CPU = Debug|Any CPU
		Release|Any CPU = Release|Any CPU
	EndGlobalSection
	GlobalSection(ProjectConfigurationPlatforms) = postSolution
		{2618A9B1-7220-4FB3-9DCF-16A0163D344B}.Debug|Any CPU.ActiveCfg = Debug|Any CPU
		{2618A9B1-7220-4FB3-9DCF-16A0163D344B}.Debug|Any CPU.Build.0 = Debug|Any CPU
		{2618A9B1-7220-4FB3-9DCF-16A0163D344B}.Release|Any CPU.ActiveCfg = Release|Any CPU
		{2618A9B1-7220-4FB3-9DCF-16A0163D344B}.Release|Any CPU.Build.0 = Release|Any CPU
	EndGlobalSection
	GlobalSection(SolutionProperties) = preSolution
		HideSolutionNode = FALSE
	EndGlobalSection
	GlobalSection(ExtensibilityGlobals) = postSolution
		SolutionGuid = {A7946672-E69C-4D89-8E36-E685173F3CAA}
	EndGlobalSection
EndGlobal
